
Microsoft Visual Studio Solution File, Format Version 12.00
# Visual Studio Version 17
VisualStudioVersion = 17.8.34330.188
MinimumVisualStudioVersion = 10.0.40219.1
Project("{FAE04EC0-301F-11D3-BF4B-00C04F79EFBC}") = "BasicMonoSDK", "BasicMonoSDK.csproj", "{B534A5CE-26F2-44CB-AC28-5935363685F8}"
EndProject
Global
	GlobalSection(SolutionConfigurationPlatforms) = preSolution
		Debug|Any CPU = Debug|Any CPU
		Release|Any CPU = Release|Any CPU
	EndGlobalSection
	GlobalSection(ProjectConfigurationPlatforms) = postSolution
		{B534A5CE-26F2-44CB-AC28-5935363685F8}.Debug|Any CPU.ActiveCfg = Debug|Any CPU
		{B534A5CE-26F2-44CB-AC28-5935363685F8}.Debug|Any CPU.Build.0 = Debug|Any CPU
		{B534A5CE-26F2-44CB-AC28-5935363685F8}.Release|Any CPU.ActiveCfg = Release|Any CPU
		{B534A5CE-26F2-44CB-AC28-5935363685F8}.Release|Any CPU.Build.0 = Release|Any CPU
	EndGlobalSection
	GlobalSection(SolutionProperties) = preSolution
		HideSolutionNode = FALSE
	EndGlobalSection
	GlobalSection(ExtensibilityGlobals) = postSolution
		SolutionGuid = {BE4E71BB-BDCB-4B76-92FC-9B92101CD32F}
	EndGlobalSection
EndGlobal
